// !$*UTF8*$!
{
	archiveVersion = 1;
	classes = {
	};
	objectVersion = 46;
	objects = {

/* Begin PBXBuildFile section */
		1531A87E13DA469C00ECBA7A /* UIKit.framework in Frameworks */ = {isa = PBXBuildFile; fileRef = 1531A87D13DA469C00ECBA7A /* UIKit.framework */; };
		1531A88013DA469C00ECBA7A /* Foundation.framework in Frameworks */ = {isa = PBXBuildFile; fileRef = 1531A87F13DA469C00ECBA7A /* Foundation.framework */; };
		1531A88213DA469C00ECBA7A /* CoreGraphics.framework in Frameworks */ = {isa = PBXBuildFile; fileRef = 1531A88113DA469C00ECBA7A /* CoreGraphics.framework */; };
		1531A88813DA469C00ECBA7A /* InfoPlist.strings in Resources */ = {isa = PBXBuildFile; fileRef = 1531A88613DA469C00ECBA7A /* InfoPlist.strings */; };
		1531A88A13DA469C00ECBA7A /* main.m in Sources */ = {isa = PBXBuildFile; fileRef = 1531A88913DA469C00ECBA7A /* main.m */; };
		1531A88E13DA469C00ECBA7A /* QuizAppDelegate.m in Sources */ = {isa = PBXBuildFile; fileRef = 1531A88D13DA469C00ECBA7A /* QuizAppDelegate.m */; };
		1531A89113DA469C00ECBA7A /* QuizViewController.m in Sources */ = {isa = PBXBuildFile; fileRef = 1531A89013DA469C00ECBA7A /* QuizViewController.m */; };
		1531A89413DA469C00ECBA7A /* QuizViewController.xib in Resources */ = {isa = PBXBuildFile; fileRef = 1531A89213DA469C00ECBA7A /* QuizViewController.xib */; };
		1531A8A313DA7E8900ECBA7A /* Icon.png in Resources */ = {isa = PBXBuildFile; fileRef = 1531A8A213DA7E8900ECBA7A /* Icon.png */; };
		1531A8A513DA7E9100ECBA7A /* Icon@2x.png in Resources */ = {isa = PBXBuildFile; fileRef = 1531A8A413DA7E9100ECBA7A /* Icon@2x.png */; };
		1531A8A713DA7FC000ECBA7A /* Default.png in Resources */ = {isa = PBXBuildFile; fileRef = 1531A8A613DA7FC000ECBA7A /* Default.png */; };
/* End PBXBuildFile section */

/* Begin PBXFileReference section */
		1531A87913DA469C00ECBA7A /* Quiz.app */ = {isa = PBXFileReference; explicitFileType = wrapper.application; includeInIndex = 0; path = Quiz.app; sourceTree = BUILT_PRODUCTS_DIR; };
		1531A87D13DA469C00ECBA7A /* UIKit.framework */ = {isa = PBXFileReference; lastKnownFileType = wrapper.framework; name = UIKit.framework; path = System/Library/Frameworks/UIKit.framework; sourceTree = SDKROOT; };
		1531A87F13DA469C00ECBA7A /* Foundation.framework */ = {isa = PBXFileReference; lastKnownFileType = wrapper.framework; name = Foundation.framework; path = System/Library/Frameworks/Foundation.framework; sourceTree = SDKROOT; };
		1531A88113DA469C00ECBA7A /* CoreGraphics.framework */ = {isa = PBXFileReference; lastKnownFileType = wrapper.framework; name = CoreGraphics.framework; path = System/Library/Frameworks/CoreGraphics.framework; sourceTree = SDKROOT; };
		1531A88513DA469C00ECBA7A /* Quiz-Info.plist */ = {isa = PBXFileReference; lastKnownFileType = text.plist.xml; path = "Quiz-Info.plist"; sourceTree = "<group>"; };
		1531A88713DA469C00ECBA7A /* en */ = {isa = PBXFileReference; lastKnownFileType = text.plist.strings; name = en; path = en.lproj/InfoPlist.strings; sourceTree = "<group>"; };
		1531A88913DA469C00ECBA7A /* main.m */ = {isa = PBXFileReference; lastKnownFileType = sourcecode.c.objc; path = main.m; sourceTree = "<group>"; };
		1531A88B13DA469C00ECBA7A /* Quiz-Prefix.pch */ = {isa = PBXFileReference; lastKnownFileType = sourcecode.c.h; path = "Quiz-Prefix.pch"; sourceTree = "<group>"; };
		1531A88C13DA469C00ECBA7A /* QuizAppDelegate.h */ = {isa = PBXFileReference; lastKnownFileType = sourcecode.c.h; path = QuizAppDelegate.h; sourceTree = "<group>"; };
		1531A88D13DA469C00ECBA7A /* QuizAppDelegate.m */ = {isa = PBXFileReference; lastKnownFileType = sourcecode.c.objc; path = QuizAppDelegate.m; sourceTree = "<group>"; };
		1531A88F13DA469C00ECBA7A /* QuizViewController.h */ = {isa = PBXFileReference; lastKnownFileType = sourcecode.c.h; path = QuizViewController.h; sourceTree = "<group>"; };
		1531A89013DA469C00ECBA7A /* QuizViewController.m */ = {isa = PBXFileReference; lastKnownFileType = sourcecode.c.objc; path = QuizViewController.m; sourceTree = "<group>"; };
		1531A89313DA469C00ECBA7A /* en */ = {isa = PBXFileReference; lastKnownFileType = file.xib; name = en; path = en.lproj/QuizViewController.xib; sourceTree = "<group>"; };
		1531A8A213DA7E8900ECBA7A /* Icon.png */ = {isa = PBXFileReference; lastKnownFileType = image.png; path = Icon.png; sourceTree = "<group>"; };
		1531A8A413DA7E9100ECBA7A /* Icon@2x.png */ = {isa = PBXFileReference; lastKnownFileType = image.png; path = "Icon@2x.png"; sourceTree = "<group>"; };
		1531A8A613DA7FC000ECBA7A /* Default.png */ = {isa = PBXFileReference; lastKnownFileType = image.png; path = Default.png; sourceTree = "<group>"; };
/* End PBXFileReference section */

/* Begin PBXFrameworksBuildPhase section */
		1531A87613DA469B00ECBA7A /* Frameworks */ = {
			isa = PBXFrameworksBuildPhase;
			buildActionMask = 2147483647;
			files = (
				1531A87E13DA469C00ECBA7A /* UIKit.framework in Frameworks */,
				1531A88013DA469C00ECBA7A /* Foundation.framework in Frameworks */,
				1531A88213DA469C00ECBA7A /* CoreGraphics.framework in Frameworks */,
			);
			runOnlyForDeploymentPostprocessing = 0;
		};
/* End PBXFrameworksBuildPhase section */

/* Begin PBXGroup section */
		1531A86E13DA469B00ECBA7A = {
			isa = PBXGroup;
			children = (
				1531A8A613DA7FC000ECBA7A /* Default.png */,
				1531A88313DA469C00ECBA7A /* Quiz */,
				1531A87C13DA469C00ECBA7A /* Frameworks */,
				1531A87A13DA469C00ECBA7A /* Products */,
			);
			sourceTree = "<group>";
		};
		1531A87A13DA469C00ECBA7A /* Products */ = {
			isa = PBXGroup;
			children = (
				1531A87913DA469C00ECBA7A /* Quiz.app */,
			);
			name = Products;
			sourceTree = "<group>";
		};
		1531A87C13DA469C00ECBA7A /* Frameworks */ = {
			isa = PBXGroup;
			children = (
				1531A87D13DA469C00ECBA7A /* UIKit.framework */,
				1531A87F13DA469C00ECBA7A /* Foundation.framework */,
				1531A88113DA469C00ECBA7A /* CoreGraphics.framework */,
			);
			name = Frameworks;
			sourceTree = "<group>";
		};
		1531A88313DA469C00ECBA7A /* Quiz */ = {
			isa = PBXGroup;
			children = (
				1531A88C13DA469C00ECBA7A /* QuizAppDelegate.h */,
				1531A88D13DA469C00ECBA7A /* QuizAppDelegate.m */,
				1531A88F13DA469C00ECBA7A /* QuizViewController.h */,
				1531A89013DA469C00ECBA7A /* QuizViewController.m */,
				1531A89213DA469C00ECBA7A /* QuizViewController.xib */,
				1531A88413DA469C00ECBA7A /* Supporting Files */,
			);
			path = Quiz;
			sourceTree = "<group>";
		};
		1531A88413DA469C00ECBA7A /* Supporting Files */ = {
			isa = PBXGroup;
			children = (
				1531A8A213DA7E8900ECBA7A /* Icon.png */,
				1531A8A413DA7E9100ECBA7A /* Icon@2x.png */,
				1531A88513DA469C00ECBA7A /* Quiz-Info.plist */,
				1531A88613DA469C00ECBA7A /* InfoPlist.strings */,
				1531A88913DA469C00ECBA7A /* main.m */,
				1531A88B13DA469C00ECBA7A /* Quiz-Prefix.pch */,
			);
			name = "Supporting Files";
			sourceTree = "<group>";
		};
/* End PBXGroup section */

/* Begin PBXNativeTarget section */
		1531A87813DA469B00ECBA7A /* Quiz */ = {
			isa = PBXNativeTarget;
			buildConfigurationList = 1531A89713DA469C00ECBA7A /* Build configuration list for PBXNativeTarget "Quiz" */;
			buildPhases = (
				1531A87513DA469B00ECBA7A /* Sources */,
				1531A87613DA469B00ECBA7A /* Frameworks */,
				1531A87713DA469B00ECBA7A /* Resources */,
			);
			buildRules = (
			);
			dependencies = (
			);
			name = Quiz;
			productName = Quiz;
			productReference = 1531A87913DA469C00ECBA7A /* Quiz.app */;
			productType = "com.apple.product-type.application";
		};
/* End PBXNativeTarget section */

/* Begin PBXProject section */
		1531A87013DA469B00ECBA7A /* Project object */ = {
			isa = PBXProject;
			buildConfigurationList = 1531A87313DA469B00ECBA7A /* Build configuration list for PBXProject "Quiz" */;
			compatibilityVersion = "Xcode 3.2";
			developmentRegion = English;
			hasScannedForEncodings = 0;
			knownRegions = (
				en,
			);
			mainGroup = 1531A86E13DA469B00ECBA7A;
			productRefGroup = 1531A87A13DA469C00ECBA7A /* Products */;
			projectDirPath = "";
			projectRoot = "";
			targets = (
				1531A87813DA469B00ECBA7A /* Quiz */,
			);
		};
/* End PBXProject section */

/* Begin PBXResourcesBuildPhase section */
		1531A87713DA469B00ECBA7A /* Resources */ = {
			isa = PBXResourcesBuildPhase;
			buildActionMask = 2147483647;
			files = (
				1531A88813DA469C00ECBA7A /* InfoPlist.strings in Resources */,
				1531A89413DA469C00ECBA7A /* QuizViewController.xib in Resources */,
				1531A8A313DA7E8900ECBA7A /* Icon.png in Resources */,
				1531A8A513DA7E9100ECBA7A /* Icon@2x.png in Resources */,
				1531A8A713DA7FC000ECBA7A /* Default.png in Resources */,
			);
			runOnlyForDeploymentPostprocessing = 0;
		};
/* End PBXResourcesBuildPhase section */

/* Begin PBXSourcesBuildPhase section */
		1531A87513DA469B00ECBA7A /* Sources */ = {
			isa = PBXSourcesBuildPhase;
			buildActionMask = 2147483647;
			files = (
				1531A88A13DA469C00ECBA7A /* main.m in Sources */,
				1531A88E13DA469C00ECBA7A /* QuizAppDelegate.m in Sources */,
				1531A89113DA469C00ECBA7A /* QuizViewController.m in Sources */,
			);
			runOnlyForDeploymentPostprocessing = 0;
		};
/* End PBXSourcesBuildPhase section */

/* Begin PBXVariantGroup section */
		1531A88613DA469C00ECBA7A /* InfoPlist.strings */ = {
			isa = PBXVariantGroup;
			children = (
				1531A88713DA469C00ECBA7A /* en */,
			);
			name = InfoPlist.strings;
			sourceTree = "<group>";
		};
		1531A89213DA469C00ECBA7A /* QuizViewController.xib */ = {
			isa = PBXVariantGroup;
			children = (
				1531A89313DA469C00ECBA7A /* en */,
			);
			name = QuizViewController.xib;
			sourceTree = "<group>";
		};
/* End PBXVariantGroup section */

/* Begin XCBuildConfiguration section */
		1531A89513DA469C00ECBA7A /* Debug */ = {
			isa = XCBuildConfiguration;
			buildSettings = {
				ALWAYS_SEARCH_USER_PATHS = NO;
				ARCHS = "$(ARCHS_STANDARD_32_BIT)";
				CLANG_ENABLE_OBJC_ARC = YES;
				"CODE_SIGN_IDENTITY[sdk=iphoneos*]" = "iPhone Developer";
				COPY_PHASE_STRIP = NO;
				GCC_C_LANGUAGE_STANDARD = gnu99;
				GCC_DYNAMIC_NO_PIC = NO;
				GCC_OPTIMIZATION_LEVEL = 0;
				GCC_PREPROCESSOR_DEFINITIONS = (
					"DEBUG=1",
					"$(inherited)",
				);
				GCC_SYMBOLS_PRIVATE_EXTERN = NO;
				GCC_VERSION = com.apple.compilers.llvm.clang.1_0;
				GCC_WARN_ABOUT_MISSING_PROTOTYPES = YES;
				GCC_WARN_ABOUT_RETURN_TYPE = YES;
				GCC_WARN_UNUSED_VARIABLE = YES;
				IPHONEOS_DEPLOYMENT_TARGET = 5.0;
				SDKROOT = iphoneos;
			};
			name = Debug;
		};
		1531A89613DA469C00ECBA7A /* Release */ = {
			isa = XCBuildConfiguration;
			buildSettings = {
				ALWAYS_SEARCH_USER_PATHS = NO;
				ARCHS = "$(ARCHS_STANDARD_32_BIT)";
				CLANG_ENABLE_OBJC_ARC = YES;
				"CODE_SIGN_IDENTITY[sdk=iphoneos*]" = "iPhone Developer";
				COPY_PHASE_STRIP = YES;
				GCC_C_LANGUAGE_STANDARD = gnu99;
				GCC_VERSION = com.apple.compilers.llvm.clang.1_0;
				GCC_WARN_ABOUT_MISSING_PROTOTYPES = YES;
				GCC_WARN_ABOUT_RETURN_TYPE = YES;
				GCC_WARN_UNUSED_VARIABLE = YES;
				IPHONEOS_DEPLOYMENT_TARGET = 5.0;
				OTHER_CFLAGS = "-DNS_BLOCK_ASSERTIONS=1";
				SDKROOT = iphoneos;
				VALIDATE_PRODUCT = YES;
			};
			name = Release;
		};
		1531A89813DA469C00ECBA7A /* Debug */ = {
			isa = XCBuildConfiguration;
			buildSettings = {
				GCC_PRECOMPILE_PREFIX_HEADER = YES;
				GCC_PREFIX_HEADER = "Quiz/Quiz-Prefix.pch";
				INFOPLIST_FILE = "Quiz/Quiz-Info.plist";
				PRODUCT_NAME = "$(TARGET_NAME)";
				WRAPPER_EXTENSION = app;
			};
			name = Debug;
		};
		1531A89913DA469C00ECBA7A /* Release */ = {
			isa = XCBuildConfiguration;
			buildSettings = {
				GCC_PRECOMPILE_PREFIX_HEADER = YES;
				GCC_PREFIX_HEADER = "Quiz/Quiz-Prefix.pch";
				INFOPLIST_FILE = "Quiz/Quiz-Info.plist";
				PRODUCT_NAME = "$(TARGET_NAME)";
				WRAPPER_EXTENSION = app;
			};
			name = Release;
		};
/* End XCBuildConfiguration section */

/* Begin XCConfigurationList section */
		1531A87313DA469B00ECBA7A /* Build configuration list for PBXProject "Quiz" */ = {
			isa = XCConfigurationList;
			buildConfigurations = (
				1531A89513DA469C00ECBA7A /* Debug */,
				1531A89613DA469C00ECBA7A /* Release */,
			);
			defaultConfigurationIsVisible = 0;
			defaultConfigurationName = Release;
		};
		1531A89713DA469C00ECBA7A /* Build configuration list for PBXNativeTarget "Quiz" */ = {
			isa = XCConfigurationList;
			buildConfigurations = (
				1531A89813DA469C00ECBA7A /* Debug */,
				1531A89913DA469C00ECBA7A /* Release */,
			);
			defaultConfigurationIsVisible = 0;
		};
/* End XCConfigurationList section */
	};
	rootObject = 1531A87013DA469B00ECBA7A /* Project object */;
}
